
Microsoft Visual Studio Solution File, Format Version 12.00
# Visual Studio Version 16
VisualStudioVersion = 16.0.29613.14
MinimumVisualStudioVersion = 10.0.40219.1
Project("{FAE04EC0-301F-11D3-BF4B-00C04F79EFBC}") = "TrackMyWalks.UWP", "TrackMyWalks\TrackMyWalks.UWP\TrackMyWalks.UWP.csproj", "{3BFB415B-5B9D-4D20-ADA8-3B68ED82617D}"
EndProject
Project("{FAE04EC0-301F-11D3-BF4B-00C04F79EFBC}") = "TrackMyWalks.Android", "TrackMyWalks\TrackMyWalks.Android\TrackMyWalks.Android.csproj", "{8A72A8DB-8B0E-499A-9C55-13AD7A915F5E}"
EndProject
Project("{FAE04EC0-301F-11D3-BF4B-00C04F79EFBC}") = "TrackMyWalks.iOS", "TrackMyWalks\TrackMyWalks.iOS\TrackMyWalks.iOS.csproj", "{8B70FE16-5FB2-4C73-8BAA-3ECB29AB4C68}"
EndProject
Project("{FAE04EC0-301F-11D3-BF4B-00C04F79EFBC}") = "TrackMyWalks", "TrackMyWalks\TrackMyWalks\TrackMyWalks.csproj", "{6325BAF7-4BCF-4944-9E9E-5F35294B3E86}"
EndProject
Global
	GlobalSection(SolutionConfigurationPlatforms) = preSolution
		Debug|Any CPU = Debug|Any CPU
		Debug|ARM = Debug|ARM
		Debug|iPhone = Debug|iPhone
		Debug|iPhoneSimulator = Debug|iPhoneSimulator
		Debug|x64 = Debug|x64
		Debug|x86 = Debug|x86
		Release|Any CPU = Release|Any CPU
		Release|ARM = Release|ARM
		Release|iPhone = Release|iPhone
		Release|iPhoneSimulator = Release|iPhoneSimulator
		Release|x64 = Release|x64
		Release|x86 = Release|x86
	EndGlobalSection
	GlobalSection(ProjectConfigurationPlatforms) = postSolution
		{3BFB415B-5B9D-4D20-ADA8-3B68ED82617D}.Debug|Any CPU.ActiveCfg = Debug|x86
		{3BFB415B-5B9D-4D20-ADA8-3B68ED82617D}.Debug|Any CPU.Build.0 = Debug|x86
		{3BFB415B-5B9D-4D20-ADA8-3B68ED82617D}.Debug|Any CPU.Deploy.0 = Debug|x86
		{3BFB415B-5B9D-4D20-ADA8-3B68ED82617D}.Debug|ARM.ActiveCfg = Debug|ARM
		{3BFB415B-5B9D-4D20-ADA8-3B68ED82617D}.Debug|ARM.Build.0 = Debug|ARM
		{3BFB415B-5B9D-4D20-ADA8-3B68ED82617D}.Debug|ARM.Deploy.0 = Debug|ARM
		{3BFB415B-5B9D-4D20-ADA8-3B68ED82617D}.Debug|iPhone.ActiveCfg = Debug|x86
		{3BFB415B-5B9D-4D20-ADA8-3B68ED82617D}.Debug|iPhone.Build.0 = Debug|x86
		{3BFB415B-5B9D-4D20-ADA8-3B68ED82617D}.Debug|iPhone.Deploy.0 = Debug|x86
		{3BFB415B-5B9D-4D20-ADA8-3B68ED82617D}.Debug|iPhoneSimulator.ActiveCfg = Debug|x86
		{3BFB415B-5B9D-4D20-ADA8-3B68ED82617D}.Debug|iPhoneSimulator.Build.0 = Debug|x86
		{3BFB415B-5B9D-4D20-ADA8-3B68ED82617D}.Debug|iPhoneSimulator.Deploy.0 = Debug|x86
		{3BFB415B-5B9D-4D20-ADA8-3B68ED82617D}.Debug|x64.ActiveCfg = Debug|x64
		{3BFB415B-5B9D-4D20-ADA8-3B68ED82617D}.Debug|x64.Build.0 = Debug|x64
		{3BFB415B-5B9D-4D20-ADA8-3B68ED82617D}.Debug|x64.Deploy.0 = Debug|x64
		{3BFB415B-5B9D-4D20-ADA8-3B68ED82617D}.Debug|x86.ActiveCfg = Debug|x86
		{3BFB415B-5B9D-4D20-ADA8-3B68ED82617D}.Debug|x86.Build.0 = Debug|x86
		{3BFB415B-5B9D-4D20-ADA8-3B68ED82617D}.Debug|x86.Deploy.0 = Debug|x86
		{3BFB415B-5B9D-4D20-ADA8-3B68ED82617D}.Release|Any CPU.ActiveCfg = Release|x86
		{3BFB415B-5B9D-4D20-ADA8-3B68ED82617D}.Release|Any CPU.Build.0 = Release|x86
		{3BFB415B-5B9D-4D20-ADA8-3B68ED82617D}.Release|Any CPU.Deploy.0 = Release|x86
		{3BFB415B-5B9D-4D20-ADA8-3B68ED82617D}.Release|ARM.ActiveCfg = Release|ARM
		{3BFB415B-5B9D-4D20-ADA8-3B68ED82617D}.Release|ARM.Build.0 = Release|ARM
		{3BFB415B-5B9D-4D20-ADA8-3B68ED82617D}.Release|ARM.Deploy.0 = Release|ARM
		{3BFB415B-5B9D-4D20-ADA8-3B68ED82617D}.Release|iPhone.ActiveCfg = Release|x86
		{3BFB415B-5B9D-4D20-ADA8-3B68ED82617D}.Release|iPhone.Build.0 = Release|x86
		{3BFB415B-5B9D-4D20-ADA8-3B68ED82617D}.Release|iPhone.Deploy.0 = Release|x86
		{3BFB415B-5B9D-4D20-ADA8-3B68ED82617D}.Release|iPhoneSimulator.ActiveCfg = Release|x86
		{3BFB415B-5B9D-4D20-ADA8-3B68ED82617D}.Release|iPhoneSimulator.Build.0 = Release|x86
		{3BFB415B-5B9D-4D20-ADA8-3B68ED82617D}.Release|iPhoneSimulator.Deploy.0 = Release|x86
		{3BFB415B-5B9D-4D20-ADA8-3B68ED82617D}.Release|x64.ActiveCfg = Release|x64
		{3BFB415B-5B9D-4D20-ADA8-3B68ED82617D}.Release|x64.Build.0 = Release|x64
		{3BFB415B-5B9D-4D20-ADA8-3B68ED82617D}.Release|x64.Deploy.0 = Release|x64
		{3BFB415B-5B9D-4D20-ADA8-3B68ED82617D}.Release|x86.ActiveCfg = Release|x86
		{3BFB415B-5B9D-4D20-ADA8-3B68ED82617D}.Release|x86.Build.0 = Release|x86
		{3BFB415B-5B9D-4D20-ADA8-3B68ED82617D}.Release|x86.Deploy.0 = Release|x86
		{8A72A8DB-8B0E-499A-9C55-13AD7A915F5E}.Debug|Any CPU.ActiveCfg = Debug|Any CPU
		{8A72A8DB-8B0E-499A-9C55-13AD7A915F5E}.Debug|Any CPU.Build.0 = Debug|Any CPU
		{8A72A8DB-8B0E-499A-9C55-13AD7A915F5E}.Debug|Any CPU.Deploy.0 = Debug|Any CPU
		{8A72A8DB-8B0E-499A-9C55-13AD7A915F5E}.Debug|ARM.ActiveCfg = Debug|Any CPU
		{8A72A8DB-8B0E-499A-9C55-13AD7A915F5E}.Debug|ARM.Build.0 = Debug|Any CPU
		{8A72A8DB-8B0E-499A-9C55-13AD7A915F5E}.Debug|ARM.Deploy.0 = Debug|Any CPU
		{8A72A8DB-8B0E-499A-9C55-13AD7A915F5E}.Debug|iPhone.ActiveCfg = Debug|Any CPU
		{8A72A8DB-8B0E-499A-9C55-13AD7A915F5E}.Debug|iPhone.Build.0 = Debug|Any CPU
		{8A72A8DB-8B0E-499A-9C55-13AD7A915F5E}.Debug|iPhone.Deploy.0 = Debug|Any CPU
		{8A72A8DB-8B0E-499A-9C55-13AD7A915F5E}.Debug|iPhoneSimulator.ActiveCfg = Debug|Any CPU
		{8A72A8DB-8B0E-499A-9C55-13AD7A915F5E}.Debug|iPhoneSimulator.Build.0 = Debug|Any CPU
		{8A72A8DB-8B0E-499A-9C55-13AD7A915F5E}.Debug|iPhoneSimulator.Deploy.0 = Debug|Any CPU
		{8A72A8DB-8B0E-499A-9C55-13AD7A915F5E}.Debug|x64.ActiveCfg = Debug|Any CPU
		{8A72A8DB-8B0E-499A-9C55-13AD7A915F5E}.Debug|x64.Build.0 = Debug|Any CPU
		{8A72A8DB-8B0E-499A-9C55-13AD7A915F5E}.Debug|x64.Deploy.0 = Debug|Any CPU
		{8A72A8DB-8B0E-499A-9C55-13AD7A915F5E}.Debug|x86.ActiveCfg = Debug|Any CPU
		{8A72A8DB-8B0E-499A-9C55-13AD7A915F5E}.Debug|x86.Build.0 = Debug|Any CPU
		{8A72A8DB-8B0E-499A-9C55-13AD7A915F5E}.Debug|x86.Deploy.0 = Debug|Any CPU
		{8A72A8DB-8B0E-499A-9C55-13AD7A915F5E}.Release|Any CPU.ActiveCfg = Release|Any CPU
		{8A72A8DB-8B0E-499A-9C55-13AD7A915F5E}.Release|Any CPU.Build.0 = Release|Any CPU
		{8A72A8DB-8B0E-499A-9C55-13AD7A915F5E}.Release|Any CPU.Deploy.0 = Release|Any CPU
		{8A72A8DB-8B0E-499A-9C55-13AD7A915F5E}.Release|ARM.ActiveCfg = Release|Any CPU
		{8A72A8DB-8B0E-499A-9C55-13AD7A915F5E}.Release|ARM.Build.0 = Release|Any CPU
		{8A72A8DB-8B0E-499A-9C55-13AD7A915F5E}.Release|ARM.Deploy.0 = Release|Any CPU
		{8A72A8DB-8B0E-499A-9C55-13AD7A915F5E}.Release|iPhone.ActiveCfg = Release|Any CPU
		{8A72A8DB-8B0E-499A-9C55-13AD7A915F5E}.Release|iPhone.Build.0 = Release|Any CPU
		{8A72A8DB-8B0E-499A-9C55-13AD7A915F5E}.Release|iPhone.Deploy.0 = Release|Any CPU
		{8A72A8DB-8B0E-499A-9C55-13AD7A915F5E}.Release|iPhoneSimulator.ActiveCfg = Release|Any CPU
		{8A72A8DB-8B0E-499A-9C55-13AD7A915F5E}.Release|iPhoneSimulator.Build.0 = Release|Any CPU
		{8A72A8DB-8B0E-499A-9C55-13AD7A915F5E}.Release|iPhoneSimulator.Deploy.0 = Release|Any CPU
		{8A72A8DB-8B0E-499A-9C55-13AD7A915F5E}.Release|x64.ActiveCfg = Release|Any CPU
		{8A72A8DB-8B0E-499A-9C55-13AD7A915F5E}.Release|x64.Build.0 = Release|Any CPU
		{8A72A8DB-8B0E-499A-9C55-13AD7A915F5E}.Release|x64.Deploy.0 = Release|Any CPU
		{8A72A8DB-8B0E-499A-9C55-13AD7A915F5E}.Release|x86.ActiveCfg = Release|Any CPU
		{8A72A8DB-8B0E-499A-9C55-13AD7A915F5E}.Release|x86.Build.0 = Release|Any CPU
		{8A72A8DB-8B0E-499A-9C55-13AD7A915F5E}.Release|x86.Deploy.0 = Release|Any CPU
		{8B70FE16-5FB2-4C73-8BAA-3ECB29AB4C68}.Debug|Any CPU.ActiveCfg = Debug|iPhone
		{8B70FE16-5FB2-4C73-8BAA-3ECB29AB4C68}.Debug|Any CPU.Build.0 = Debug|iPhone
		{8B70FE16-5FB2-4C73-8BAA-3ECB29AB4C68}.Debug|Any CPU.Deploy.0 = Debug|iPhone
		{8B70FE16-5FB2-4C73-8BAA-3ECB29AB4C68}.Debug|ARM.ActiveCfg = Debug|iPhoneSimulator
		{8B70FE16-5FB2-4C73-8BAA-3ECB29AB4C68}.Debug|ARM.Build.0 = Debug|iPhoneSimulator
		{8B70FE16-5FB2-4C73-8BAA-3ECB29AB4C68}.Debug|ARM.Deploy.0 = Debug|iPhoneSimulator
		{8B70FE16-5FB2-4C73-8BAA-3ECB29AB4C68}.Debug|iPhone.ActiveCfg = Debug|iPhone
		{8B70FE16-5FB2-4C73-8BAA-3ECB29AB4C68}.Debug|iPhone.Build.0 = Debug|iPhone
		{8B70FE16-5FB2-4C73-8BAA-3ECB29AB4C68}.Debug|iPhone.Deploy.0 = Debug|iPhone
		{8B70FE16-5FB2-4C73-8BAA-3ECB29AB4C68}.Debug|iPhoneSimulator.ActiveCfg = Debug|iPhoneSimulator
		{8B70FE16-5FB2-4C73-8BAA-3ECB29AB4C68}.Debug|iPhoneSimulator.Build.0 = Debug|iPhoneSimulator
		{8B70FE16-5FB2-4C73-8BAA-3ECB29AB4C68}.Debug|iPhoneSimulator.Deploy.0 = Debug|iPhoneSimulator
		{8B70FE16-5FB2-4C73-8BAA-3ECB29AB4C68}.Debug|x64.ActiveCfg = Debug|iPhone
		{8B70FE16-5FB2-4C73-8BAA-3ECB29AB4C68}.Debug|x64.Build.0 = Debug|iPhone
		{8B70FE16-5FB2-4C73-8BAA-3ECB29AB4C68}.Debug|x64.Deploy.0 = Debug|iPhone
		{8B70FE16-5FB2-4C73-8BAA-3ECB29AB4C68}.Debug|x86.ActiveCfg = Debug|iPhone
		{8B70FE16-5FB2-4C73-8BAA-3ECB29AB4C68}.Debug|x86.Build.0 = Debug|iPhone
		{8B70FE16-5FB2-4C73-8BAA-3ECB29AB4C68}.Debug|x86.Deploy.0 = Debug|iPhone
		{8B70FE16-5FB2-4C73-8BAA-3ECB29AB4C68}.Release|Any CPU.ActiveCfg = Release|iPhone
		{8B70FE16-5FB2-4C73-8BAA-3ECB29AB4C68}.Release|Any CPU.Build.0 = Release|iPhone
		{8B70FE16-5FB2-4C73-8BAA-3ECB29AB4C68}.Release|Any CPU.Deploy.0 = Release|iPhone
		{8B70FE16-5FB2-4C73-8BAA-3ECB29AB4C68}.Release|ARM.ActiveCfg = Release|iPhone
		{8B70FE16-5FB2-4C73-8BAA-3ECB29AB4C68}.Release|ARM.Build.0 = Release|iPhone
		{8B70FE16-5FB2-4C73-8BAA-3ECB29AB4C68}.Release|ARM.Deploy.0 = Release|iPhone
		{8B70FE16-5FB2-4C73-8BAA-3ECB29AB4C68}.Release|iPhone.ActiveCfg = Release|iPhone
		{8B70FE16-5FB2-4C73-8BAA-3ECB29AB4C68}.Release|iPhone.Build.0 = Release|iPhone
		{8B70FE16-5FB2-4C73-8BAA-3ECB29AB4C68}.Release|iPhone.Deploy.0 = Release|iPhone
		{8B70FE16-5FB2-4C73-8BAA-3ECB29AB4C68}.Release|iPhoneSimulator.ActiveCfg = Release|iPhoneSimulator
		{8B70FE16-5FB2-4C73-8BAA-3ECB29AB4C68}.Release|iPhoneSimulator.Build.0 = Release|iPhoneSimulator
		{8B70FE16-5FB2-4C73-8BAA-3ECB29AB4C68}.Release|iPhoneSimulator.Deploy.0 = Release|iPhoneSimulator
		{8B70FE16-5FB2-4C73-8BAA-3ECB29AB4C68}.Release|x64.ActiveCfg = Release|iPhone
		{8B70FE16-5FB2-4C73-8BAA-3ECB29AB4C68}.Release|x64.Build.0 = Release|iPhone
		{8B70FE16-5FB2-4C73-8BAA-3ECB29AB4C68}.Release|x64.Deploy.0 = Release|iPhone
		{8B70FE16-5FB2-4C73-8BAA-3ECB29AB4C68}.Release|x86.ActiveCfg = Release|iPhone
		{8B70FE16-5FB2-4C73-8BAA-3ECB29AB4C68}.Release|x86.Build.0 = Release|iPhone
		{8B70FE16-5FB2-4C73-8BAA-3ECB29AB4C68}.Release|x86.Deploy.0 = Release|iPhone
		{6325BAF7-4BCF-4944-9E9E-5F35294B3E86}.Debug|Any CPU.ActiveCfg = Debug|Any CPU
		{6325BAF7-4BCF-4944-9E9E-5F35294B3E86}.Debug|Any CPU.Build.0 = Debug|Any CPU
		{6325BAF7-4BCF-4944-9E9E-5F35294B3E86}.Debug|Any CPU.Deploy.0 = Debug|Any CPU
		{6325BAF7-4BCF-4944-9E9E-5F35294B3E86}.Debug|ARM.ActiveCfg = Debug|Any CPU
		{6325BAF7-4BCF-4944-9E9E-5F35294B3E86}.Debug|ARM.Build.0 = Debug|Any CPU
		{6325BAF7-4BCF-4944-9E9E-5F35294B3E86}.Debug|ARM.Deploy.0 = Debug|Any CPU
		{6325BAF7-4BCF-4944-9E9E-5F35294B3E86}.Debug|iPhone.ActiveCfg = Debug|Any CPU
		{6325BAF7-4BCF-4944-9E9E-5F35294B3E86}.Debug|iPhone.Build.0 = Debug|Any CPU
		{6325BAF7-4BCF-4944-9E9E-5F35294B3E86}.Debug|iPhone.Deploy.0 = Debug|Any CPU
		{6325BAF7-4BCF-4944-9E9E-5F35294B3E86}.Debug|iPhoneSimulator.ActiveCfg = Debug|Any CPU
		{6325BAF7-4BCF-4944-9E9E-5F35294B3E86}.Debug|iPhoneSimulator.Build.0 = Debug|Any CPU
		{6325BAF7-4BCF-4944-9E9E-5F35294B3E86}.Debug|iPhoneSimulator.Deploy.0 = Debug|Any CPU
		{6325BAF7-4BCF-4944-9E9E-5F35294B3E86}.Debug|x64.ActiveCfg = Debug|Any CPU
		{6325BAF7-4BCF-4944-9E9E-5F35294B3E86}.Debug|x64.Build.0 = Debug|Any CPU
		{6325BAF7-4BCF-4944-9E9E-5F35294B3E86}.Debug|x64.Deploy.0 = Debug|Any CPU
		{6325BAF7-4BCF-4944-9E9E-5F35294B3E86}.Debug|x86.ActiveCfg = Debug|Any CPU
		{6325BAF7-4BCF-4944-9E9E-5F35294B3E86}.Debug|x86.Build.0 = Debug|Any CPU
		{6325BAF7-4BCF-4944-9E9E-5F35294B3E86}.Debug|x86.Deploy.0 = Debug|Any CPU
		{6325BAF7-4BCF-4944-9E9E-5F35294B3E86}.Release|Any CPU.ActiveCfg = Release|Any CPU
		{6325BAF7-4BCF-4944-9E9E-5F35294B3E86}.Release|Any CPU.Build.0 = Release|Any CPU
		{6325BAF7-4BCF-4944-9E9E-5F35294B3E86}.Release|Any CPU.Deploy.0 = Release|Any CPU
		{6325BAF7-4BCF-4944-9E9E-5F35294B3E86}.Release|ARM.ActiveCfg = Release|Any CPU
		{6325BAF7-4BCF-4944-9E9E-5F35294B3E86}.Release|ARM.Build.0 = Release|Any CPU
		{6325BAF7-4BCF-4944-9E9E-5F35294B3E86}.Release|ARM.Deploy.0 = Release|Any CPU
		{6325BAF7-4BCF-4944-9E9E-5F35294B3E86}.Release|iPhone.ActiveCfg = Release|Any CPU
		{6325BAF7-4BCF-4944-9E9E-5F35294B3E86}.Release|iPhone.Build.0 = Release|Any CPU
		{6325BAF7-4BCF-4944-9E9E-5F35294B3E86}.Release|iPhone.Deploy.0 = Release|Any CPU
		{6325BAF7-4BCF-4944-9E9E-5F35294B3E86}.Release|iPhoneSimulator.ActiveCfg = Release|Any CPU
		{6325BAF7-4BCF-4944-9E9E-5F35294B3E86}.Release|iPhoneSimulator.Build.0 = Release|Any CPU
		{6325BAF7-4BCF-4944-9E9E-5F35294B3E86}.Release|iPhoneSimulator.Deploy.0 = Release|Any CPU
		{6325BAF7-4BCF-4944-9E9E-5F35294B3E86}.Release|x64.ActiveCfg = Release|Any CPU
		{6325BAF7-4BCF-4944-9E9E-5F35294B3E86}.Release|x64.Build.0 = Release|Any CPU
		{6325BAF7-4BCF-4944-9E9E-5F35294B3E86}.Release|x64.Deploy.0 = Release|Any CPU
		{6325BAF7-4BCF-4944-9E9E-5F35294B3E86}.Release|x86.ActiveCfg = Release|Any CPU
		{6325BAF7-4BCF-4944-9E9E-5F35294B3E86}.Release|x86.Build.0 = Release|Any CPU
		{6325BAF7-4BCF-4944-9E9E-5F35294B3E86}.Release|x86.Deploy.0 = Release|Any CPU
	EndGlobalSection
	GlobalSection(SolutionProperties) = preSolution
		HideSolutionNode = FALSE
	EndGlobalSection
	GlobalSection(ExtensibilityGlobals) = postSolution
		SolutionGuid = {10DCC252-312B-479E-AF27-BE00D2843B23}
	EndGlobalSection
EndGlobal
